
Microsoft Visual Studio Solution File, Format Version 12.00
# Visual Studio Version 17
VisualStudioVersion = 17.8.34525.116
MinimumVisualStudioVersion = 10.0.40219.1
Project("{FAE04EC0-301F-11D3-BF4B-00C04F79EFBC}") = "Tap.az", "Tap.az.csproj", "{E3054996-A5BB-4236-914D-98FDA4FCA64F}"
EndProject
Global
	GlobalSection(SolutionConfigurationPlatforms) = preSolution
		Debug|Any CPU = Debug|Any CPU
		Release|Any CPU = Release|Any CPU
	EndGlobalSection
	GlobalSection(ProjectConfigurationPlatforms) = postSolution
		{E3054996-A5BB-4236-914D-98FDA4FCA64F}.Debug|Any CPU.ActiveCfg = Debug|Any CPU
		{E3054996-A5BB-4236-914D-98FDA4FCA64F}.Debug|Any CPU.Build.0 = Debug|Any CPU
		{E3054996-A5BB-4236-914D-98FDA4FCA64F}.Release|Any CPU.ActiveCfg = Release|Any CPU
		{E3054996-A5BB-4236-914D-98FDA4FCA64F}.Release|Any CPU.Build.0 = Release|Any CPU
	EndGlobalSection
	GlobalSection(SolutionProperties) = preSolution
		HideSolutionNode = FALSE
	EndGlobalSection
	GlobalSection(ExtensibilityGlobals) = postSolution
		SolutionGuid = {9BF8F847-0BD2-4A5D-A793-5670058FB06C}
	EndGlobalSection
EndGlobal
